
Microsoft Visual Studio Solution File, Format Version 12.00
# Visual Studio 15
VisualStudioVersion = 15.0.27130.2036
MinimumVisualStudioVersion = 10.0.40219.1
Project("{FAE04EC0-301F-11D3-BF4B-00C04F79EFBC}") = "ResourcesDemo.Android", "App15\App15.Android\ResourcesDemo.Android.csproj", "{E23E79B9-1607-46A0-B811-68A3F560A3CE}"
EndProject
Project("{FAE04EC0-301F-11D3-BF4B-00C04F79EFBC}") = "ResourcesDemo.iOS", "App15\App15.iOS\ResourcesDemo.iOS.csproj", "{CF3353B8-1D37-47E2-8E43-B7097AD4CF06}"
EndProject
Project("{FAE04EC0-301F-11D3-BF4B-00C04F79EFBC}") = "ResourcesDemo.UWP", "App15\App15.UWP\ResourcesDemo.UWP.csproj", "{F1F10538-E8D2-45FA-A44A-8B2C65731A30}"
EndProject
Project("{9A19103F-16F7-4668-BE54-9A1E7A4F7556}") = "ResourcesDemo", "App15\App15\ResourcesDemo.csproj", "{54643C8A-B6A1-4192-9C78-968B797CBA9F}"
EndProject
Global
	GlobalSection(SolutionConfigurationPlatforms) = preSolution
		Ad-Hoc|Any CPU = Ad-Hoc|Any CPU
		Ad-Hoc|ARM = Ad-Hoc|ARM
		Ad-Hoc|iPhone = Ad-Hoc|iPhone
		Ad-Hoc|iPhoneSimulator = Ad-Hoc|iPhoneSimulator
		Ad-Hoc|x64 = Ad-Hoc|x64
		Ad-Hoc|x86 = Ad-Hoc|x86
		AppStore|Any CPU = AppStore|Any CPU
		AppStore|ARM = AppStore|ARM
		AppStore|iPhone = AppStore|iPhone
		AppStore|iPhoneSimulator = AppStore|iPhoneSimulator
		AppStore|x64 = AppStore|x64
		AppStore|x86 = AppStore|x86
		Debug|Any CPU = Debug|Any CPU
		Debug|ARM = Debug|ARM
		Debug|iPhone = Debug|iPhone
		Debug|iPhoneSimulator = Debug|iPhoneSimulator
		Debug|x64 = Debug|x64
		Debug|x86 = Debug|x86
		Release|Any CPU = Release|Any CPU
		Release|ARM = Release|ARM
		Release|iPhone = Release|iPhone
		Release|iPhoneSimulator = Release|iPhoneSimulator
		Release|x64 = Release|x64
		Release|x86 = Release|x86
	EndGlobalSection
	GlobalSection(ProjectConfigurationPlatforms) = postSolution
		{E23E79B9-1607-46A0-B811-68A3F560A3CE}.Ad-Hoc|Any CPU.ActiveCfg = Release|Any CPU
		{E23E79B9-1607-46A0-B811-68A3F560A3CE}.Ad-Hoc|Any CPU.Build.0 = Release|Any CPU
		{E23E79B9-1607-46A0-B811-68A3F560A3CE}.Ad-Hoc|Any CPU.Deploy.0 = Release|Any CPU
		{E23E79B9-1607-46A0-B811-68A3F560A3CE}.Ad-Hoc|ARM.ActiveCfg = Release|Any CPU
		{E23E79B9-1607-46A0-B811-68A3F560A3CE}.Ad-Hoc|ARM.Build.0 = Release|Any CPU
		{E23E79B9-1607-46A0-B811-68A3F560A3CE}.Ad-Hoc|ARM.Deploy.0 = Release|Any CPU
		{E23E79B9-1607-46A0-B811-68A3F560A3CE}.Ad-Hoc|iPhone.ActiveCfg = Release|Any CPU
		{E23E79B9-1607-46A0-B811-68A3F560A3CE}.Ad-Hoc|iPhone.Build.0 = Release|Any CPU
		{E23E79B9-1607-46A0-B811-68A3F560A3CE}.Ad-Hoc|iPhone.Deploy.0 = Release|Any CPU
		{E23E79B9-1607-46A0-B811-68A3F560A3CE}.Ad-Hoc|iPhoneSimulator.ActiveCfg = Release|Any CPU
		{E23E79B9-1607-46A0-B811-68A3F560A3CE}.Ad-Hoc|iPhoneSimulator.Build.0 = Release|Any CPU
		{E23E79B9-1607-46A0-B811-68A3F560A3CE}.Ad-Hoc|iPhoneSimulator.Deploy.0 = Release|Any CPU
		{E23E79B9-1607-46A0-B811-68A3F560A3CE}.Ad-Hoc|x64.ActiveCfg = Release|Any CPU
		{E23E79B9-1607-46A0-B811-68A3F560A3CE}.Ad-Hoc|x64.Build.0 = Release|Any CPU
		{E23E79B9-1607-46A0-B811-68A3F560A3CE}.Ad-Hoc|x64.Deploy.0 = Release|Any CPU
		{E23E79B9-1607-46A0-B811-68A3F560A3CE}.Ad-Hoc|x86.ActiveCfg = Release|Any CPU
		{E23E79B9-1607-46A0-B811-68A3F560A3CE}.Ad-Hoc|x86.Build.0 = Release|Any CPU
		{E23E79B9-1607-46A0-B811-68A3F560A3CE}.Ad-Hoc|x86.Deploy.0 = Release|Any CPU
		{E23E79B9-1607-46A0-B811-68A3F560A3CE}.AppStore|Any CPU.ActiveCfg = Release|Any CPU
		{E23E79B9-1607-46A0-B811-68A3F560A3CE}.AppStore|Any CPU.Build.0 = Release|Any CPU
		{E23E79B9-1607-46A0-B811-68A3F560A3CE}.AppStore|Any CPU.Deploy.0 = Release|Any CPU
		{E23E79B9-1607-46A0-B811-68A3F560A3CE}.AppStore|ARM.ActiveCfg = Release|Any CPU
		{E23E79B9-1607-46A0-B811-68A3F560A3CE}.AppStore|ARM.Build.0 = Release|Any CPU
		{E23E79B9-1607-46A0-B811-68A3F560A3CE}.AppStore|ARM.Deploy.0 = Release|Any CPU
		{E23E79B9-1607-46A0-B811-68A3F560A3CE}.AppStore|iPhone.ActiveCfg = Release|Any CPU
		{E23E79B9-1607-46A0-B811-68A3F560A3CE}.AppStore|iPhone.Build.0 = Release|Any CPU
		{E23E79B9-1607-46A0-B811-68A3F560A3CE}.AppStore|iPhone.Deploy.0 = Release|Any CPU
		{E23E79B9-1607-46A0-B811-68A3F560A3CE}.AppStore|iPhoneSimulator.ActiveCfg = Release|Any CPU
		{E23E79B9-1607-46A0-B811-68A3F560A3CE}.AppStore|iPhoneSimulator.Build.0 = Release|Any CPU
		{E23E79B9-1607-46A0-B811-68A3F560A3CE}.AppStore|iPhoneSimulator.Deploy.0 = Release|Any CPU
		{E23E79B9-1607-46A0-B811-68A3F560A3CE}.AppStore|x64.ActiveCfg = Release|Any CPU
		{E23E79B9-1607-46A0-B811-68A3F560A3CE}.AppStore|x64.Build.0 = Release|Any CPU
		{E23E79B9-1607-46A0-B811-68A3F560A3CE}.AppStore|x64.Deploy.0 = Release|Any CPU
		{E23E79B9-1607-46A0-B811-68A3F560A3CE}.AppStore|x86.ActiveCfg = Release|Any CPU
		{E23E79B9-1607-46A0-B811-68A3F560A3CE}.AppStore|x86.Build.0 = Release|Any CPU
		{E23E79B9-1607-46A0-B811-68A3F560A3CE}.AppStore|x86.Deploy.0 = Release|Any CPU
		{E23E79B9-1607-46A0-B811-68A3F560A3CE}.Debug|Any CPU.ActiveCfg = Debug|Any CPU
		{E23E79B9-1607-46A0-B811-68A3F560A3CE}.Debug|Any CPU.Build.0 = Debug|Any CPU
		{E23E79B9-1607-46A0-B811-68A3F560A3CE}.Debug|Any CPU.Deploy.0 = Debug|Any CPU
		{E23E79B9-1607-46A0-B811-68A3F560A3CE}.Debug|ARM.ActiveCfg = Debug|Any CPU
		{E23E79B9-1607-46A0-B811-68A3F560A3CE}.Debug|ARM.Build.0 = Debug|Any CPU
		{E23E79B9-1607-46A0-B811-68A3F560A3CE}.Debug|ARM.Deploy.0 = Debug|Any CPU
		{E23E79B9-1607-46A0-B811-68A3F560A3CE}.Debug|iPhone.ActiveCfg = Debug|Any CPU
		{E23E79B9-1607-46A0-B811-68A3F560A3CE}.Debug|iPhone.Build.0 = Debug|Any CPU
		{E23E79B9-1607-46A0-B811-68A3F560A3CE}.Debug|iPhone.Deploy.0 = Debug|Any CPU
		{E23E79B9-1607-46A0-B811-68A3F560A3CE}.Debug|iPhoneSimulator.ActiveCfg = Debug|Any CPU
		{E23E79B9-1607-46A0-B811-68A3F560A3CE}.Debug|iPhoneSimulator.Build.0 = Debug|Any CPU
		{E23E79B9-1607-46A0-B811-68A3F560A3CE}.Debug|iPhoneSimulator.Deploy.0 = Debug|Any CPU
		{E23E79B9-1607-46A0-B811-68A3F560A3CE}.Debug|x64.ActiveCfg = Debug|Any CPU
		{E23E79B9-1607-46A0-B811-68A3F560A3CE}.Debug|x64.Build.0 = Debug|Any CPU
		{E23E79B9-1607-46A0-B811-68A3F560A3CE}.Debug|x64.Deploy.0 = Debug|Any CPU
		{E23E79B9-1607-46A0-B811-68A3F560A3CE}.Debug|x86.ActiveCfg = Debug|Any CPU
		{E23E79B9-1607-46A0-B811-68A3F560A3CE}.Debug|x86.Build.0 = Debug|Any CPU
		{E23E79B9-1607-46A0-B811-68A3F560A3CE}.Debug|x86.Deploy.0 = Debug|Any CPU
		{E23E79B9-1607-46A0-B811-68A3F560A3CE}.Release|Any CPU.ActiveCfg = Release|Any CPU
		{E23E79B9-1607-46A0-B811-68A3F560A3CE}.Release|Any CPU.Build.0 = Release|Any CPU
		{E23E79B9-1607-46A0-B811-68A3F560A3CE}.Release|Any CPU.Deploy.0 = Release|Any CPU
		{E23E79B9-1607-46A0-B811-68A3F560A3CE}.Release|ARM.ActiveCfg = Release|Any CPU
		{E23E79B9-1607-46A0-B811-68A3F560A3CE}.Release|ARM.Build.0 = Release|Any CPU
		{E23E79B9-1607-46A0-B811-68A3F560A3CE}.Release|ARM.Deploy.0 = Release|Any CPU
		{E23E79B9-1607-46A0-B811-68A3F560A3CE}.Release|iPhone.ActiveCfg = Release|Any CPU
		{E23E79B9-1607-46A0-B811-68A3F560A3CE}.Release|iPhone.Build.0 = Release|Any CPU
		{E23E79B9-1607-46A0-B811-68A3F560A3CE}.Release|iPhone.Deploy.0 = Release|Any CPU
		{E23E79B9-1607-46A0-B811-68A3F560A3CE}.Release|iPhoneSimulator.ActiveCfg = Release|Any CPU
		{E23E79B9-1607-46A0-B811-68A3F560A3CE}.Release|iPhoneSimulator.Build.0 = Release|Any CPU
		{E23E79B9-1607-46A0-B811-68A3F560A3CE}.Release|iPhoneSimulator.Deploy.0 = Release|Any CPU
		{E23E79B9-1607-46A0-B811-68A3F560A3CE}.Release|x64.ActiveCfg = Release|Any CPU
		{E23E79B9-1607-46A0-B811-68A3F560A3CE}.Release|x64.Build.0 = Release|Any CPU
		{E23E79B9-1607-46A0-B811-68A3F560A3CE}.Release|x64.Deploy.0 = Release|Any CPU
		{E23E79B9-1607-46A0-B811-68A3F560A3CE}.Release|x86.ActiveCfg = Release|Any CPU
		{E23E79B9-1607-46A0-B811-68A3F560A3CE}.Release|x86.Build.0 = Release|Any CPU
		{E23E79B9-1607-46A0-B811-68A3F560A3CE}.Release|x86.Deploy.0 = Release|Any CPU
		{CF3353B8-1D37-47E2-8E43-B7097AD4CF06}.Ad-Hoc|Any CPU.ActiveCfg = Ad-Hoc|iPhone
		{CF3353B8-1D37-47E2-8E43-B7097AD4CF06}.Ad-Hoc|ARM.ActiveCfg = Ad-Hoc|iPhone
		{CF3353B8-1D37-47E2-8E43-B7097AD4CF06}.Ad-Hoc|iPhone.ActiveCfg = Ad-Hoc|iPhone
		{CF3353B8-1D37-47E2-8E43-B7097AD4CF06}.Ad-Hoc|iPhone.Build.0 = Ad-Hoc|iPhone
		{CF3353B8-1D37-47E2-8E43-B7097AD4CF06}.Ad-Hoc|iPhoneSimulator.ActiveCfg = Ad-Hoc|iPhoneSimulator
		{CF3353B8-1D37-47E2-8E43-B7097AD4CF06}.Ad-Hoc|iPhoneSimulator.Build.0 = Ad-Hoc|iPhoneSimulator
		{CF3353B8-1D37-47E2-8E43-B7097AD4CF06}.Ad-Hoc|x64.ActiveCfg = Ad-Hoc|iPhone
		{CF3353B8-1D37-47E2-8E43-B7097AD4CF06}.Ad-Hoc|x86.ActiveCfg = Ad-Hoc|iPhone
		{CF3353B8-1D37-47E2-8E43-B7097AD4CF06}.AppStore|Any CPU.ActiveCfg = AppStore|iPhone
		{CF3353B8-1D37-47E2-8E43-B7097AD4CF06}.AppStore|ARM.ActiveCfg = AppStore|iPhone
		{CF3353B8-1D37-47E2-8E43-B7097AD4CF06}.AppStore|iPhone.ActiveCfg = AppStore|iPhone
		{CF3353B8-1D37-47E2-8E43-B7097AD4CF06}.AppStore|iPhone.Build.0 = AppStore|iPhone
		{CF3353B8-1D37-47E2-8E43-B7097AD4CF06}.AppStore|iPhoneSimulator.ActiveCfg = AppStore|iPhoneSimulator
		{CF3353B8-1D37-47E2-8E43-B7097AD4CF06}.AppStore|iPhoneSimulator.Build.0 = AppStore|iPhoneSimulator
		{CF3353B8-1D37-47E2-8E43-B7097AD4CF06}.AppStore|x64.ActiveCfg = AppStore|iPhone
		{CF3353B8-1D37-47E2-8E43-B7097AD4CF06}.AppStore|x86.ActiveCfg = AppStore|iPhone
		{CF3353B8-1D37-47E2-8E43-B7097AD4CF06}.Debug|Any CPU.ActiveCfg = Debug|iPhone
		{CF3353B8-1D37-47E2-8E43-B7097AD4CF06}.Debug|ARM.ActiveCfg = Debug|iPhone
		{CF3353B8-1D37-47E2-8E43-B7097AD4CF06}.Debug|iPhone.ActiveCfg = Debug|iPhone
		{CF3353B8-1D37-47E2-8E43-B7097AD4CF06}.Debug|iPhone.Build.0 = Debug|iPhone
		{CF3353B8-1D37-47E2-8E43-B7097AD4CF06}.Debug|iPhoneSimulator.ActiveCfg = Debug|iPhoneSimulator
		{CF3353B8-1D37-47E2-8E43-B7097AD4CF06}.Debug|iPhoneSimulator.Build.0 = Debug|iPhoneSimulator
		{CF3353B8-1D37-47E2-8E43-B7097AD4CF06}.Debug|x64.ActiveCfg = Debug|iPhone
		{CF3353B8-1D37-47E2-8E43-B7097AD4CF06}.Debug|x86.ActiveCfg = Debug|iPhone
		{CF3353B8-1D37-47E2-8E43-B7097AD4CF06}.Release|Any CPU.ActiveCfg = Release|iPhone
		{CF3353B8-1D37-47E2-8E43-B7097AD4CF06}.Release|ARM.ActiveCfg = Release|iPhone
		{CF3353B8-1D37-47E2-8E43-B7097AD4CF06}.Release|iPhone.ActiveCfg = Release|iPhone
		{CF3353B8-1D37-47E2-8E43-B7097AD4CF06}.Release|iPhone.Build.0 = Release|iPhone
		{CF3353B8-1D37-47E2-8E43-B7097AD4CF06}.Release|iPhoneSimulator.ActiveCfg = Release|iPhoneSimulator
		{CF3353B8-1D37-47E2-8E43-B7097AD4CF06}.Release|iPhoneSimulator.Build.0 = Release|iPhoneSimulator
		{CF3353B8-1D37-47E2-8E43-B7097AD4CF06}.Release|x64.ActiveCfg = Release|iPhone
		{CF3353B8-1D37-47E2-8E43-B7097AD4CF06}.Release|x86.ActiveCfg = Release|iPhone
		{F1F10538-E8D2-45FA-A44A-8B2C65731A30}.Ad-Hoc|Any CPU.ActiveCfg = Release|x86
		{F1F10538-E8D2-45FA-A44A-8B2C65731A30}.Ad-Hoc|Any CPU.Build.0 = Release|x86
		{F1F10538-E8D2-45FA-A44A-8B2C65731A30}.Ad-Hoc|Any CPU.Deploy.0 = Release|x86
		{F1F10538-E8D2-45FA-A44A-8B2C65731A30}.Ad-Hoc|ARM.ActiveCfg = Release|ARM
		{F1F10538-E8D2-45FA-A44A-8B2C65731A30}.Ad-Hoc|ARM.Build.0 = Release|ARM
		{F1F10538-E8D2-45FA-A44A-8B2C65731A30}.Ad-Hoc|ARM.Deploy.0 = Release|ARM
		{F1F10538-E8D2-45FA-A44A-8B2C65731A30}.Ad-Hoc|iPhone.ActiveCfg = Release|x86
		{F1F10538-E8D2-45FA-A44A-8B2C65731A30}.Ad-Hoc|iPhone.Build.0 = Release|x86
		{F1F10538-E8D2-45FA-A44A-8B2C65731A30}.Ad-Hoc|iPhone.Deploy.0 = Release|x86
		{F1F10538-E8D2-45FA-A44A-8B2C65731A30}.Ad-Hoc|iPhoneSimulator.ActiveCfg = Release|x86
		{F1F10538-E8D2-45FA-A44A-8B2C65731A30}.Ad-Hoc|iPhoneSimulator.Build.0 = Release|x86
		{F1F10538-E8D2-45FA-A44A-8B2C65731A30}.Ad-Hoc|iPhoneSimulator.Deploy.0 = Release|x86
		{F1F10538-E8D2-45FA-A44A-8B2C65731A30}.Ad-Hoc|x64.ActiveCfg = Release|x64
		{F1F10538-E8D2-45FA-A44A-8B2C65731A30}.Ad-Hoc|x64.Build.0 = Release|x64
		{F1F10538-E8D2-45FA-A44A-8B2C65731A30}.Ad-Hoc|x64.Deploy.0 = Release|x64
		{F1F10538-E8D2-45FA-A44A-8B2C65731A30}.Ad-Hoc|x86.ActiveCfg = Release|x86
		{F1F10538-E8D2-45FA-A44A-8B2C65731A30}.Ad-Hoc|x86.Build.0 = Release|x86
		{F1F10538-E8D2-45FA-A44A-8B2C65731A30}.Ad-Hoc|x86.Deploy.0 = Release|x86
		{F1F10538-E8D2-45FA-A44A-8B2C65731A30}.AppStore|Any CPU.ActiveCfg = Release|x86
		{F1F10538-E8D2-45FA-A44A-8B2C65731A30}.AppStore|Any CPU.Build.0 = Release|x86
		{F1F10538-E8D2-45FA-A44A-8B2C65731A30}.AppStore|Any CPU.Deploy.0 = Release|x86
		{F1F10538-E8D2-45FA-A44A-8B2C65731A30}.AppStore|ARM.ActiveCfg = Release|ARM
		{F1F10538-E8D2-45FA-A44A-8B2C65731A30}.AppStore|ARM.Build.0 = Release|ARM
		{F1F10538-E8D2-45FA-A44A-8B2C65731A30}.AppStore|ARM.Deploy.0 = Release|ARM
		{F1F10538-E8D2-45FA-A44A-8B2C65731A30}.AppStore|iPhone.ActiveCfg = Release|x86
		{F1F10538-E8D2-45FA-A44A-8B2C65731A30}.AppStore|iPhone.Build.0 = Release|x86
		{F1F10538-E8D2-45FA-A44A-8B2C65731A30}.AppStore|iPhone.Deploy.0 = Release|x86
		{F1F10538-E8D2-45FA-A44A-8B2C65731A30}.AppStore|iPhoneSimulator.ActiveCfg = Release|x86
		{F1F10538-E8D2-45FA-A44A-8B2C65731A30}.AppStore|iPhoneSimulator.Build.0 = Release|x86
		{F1F10538-E8D2-45FA-A44A-8B2C65731A30}.AppStore|iPhoneSimulator.Deploy.0 = Release|x86
		{F1F10538-E8D2-45FA-A44A-8B2C65731A30}.AppStore|x64.ActiveCfg = Release|x64
		{F1F10538-E8D2-45FA-A44A-8B2C65731A30}.AppStore|x64.Build.0 = Release|x64
		{F1F10538-E8D2-45FA-A44A-8B2C65731A30}.AppStore|x64.Deploy.0 = Release|x64
		{F1F10538-E8D2-45FA-A44A-8B2C65731A30}.AppStore|x86.ActiveCfg = Release|x86
		{F1F10538-E8D2-45FA-A44A-8B2C65731A30}.AppStore|x86.Build.0 = Release|x86
		{F1F10538-E8D2-45FA-A44A-8B2C65731A30}.AppStore|x86.Deploy.0 = Release|x86
		{F1F10538-E8D2-45FA-A44A-8B2C65731A30}.Debug|Any CPU.ActiveCfg = Debug|x86
		{F1F10538-E8D2-45FA-A44A-8B2C65731A30}.Debug|ARM.ActiveCfg = Debug|ARM
		{F1F10538-E8D2-45FA-A44A-8B2C65731A30}.Debug|ARM.Build.0 = Debug|ARM
		{F1F10538-E8D2-45FA-A44A-8B2C65731A30}.Debug|ARM.Deploy.0 = Debug|ARM
		{F1F10538-E8D2-45FA-A44A-8B2C65731A30}.Debug|iPhone.ActiveCfg = Debug|x86
		{F1F10538-E8D2-45FA-A44A-8B2C65731A30}.Debug|iPhoneSimulator.ActiveCfg = Debug|x86
		{F1F10538-E8D2-45FA-A44A-8B2C65731A30}.Debug|x64.ActiveCfg = Debug|x64
		{F1F10538-E8D2-45FA-A44A-8B2C65731A30}.Debug|x64.Build.0 = Debug|x64
		{F1F10538-E8D2-45FA-A44A-8B2C65731A30}.Debug|x64.Deploy.0 = Debug|x64
		{F1F10538-E8D2-45FA-A44A-8B2C65731A30}.Debug|x86.ActiveCfg = Debug|x86
		{F1F10538-E8D2-45FA-A44A-8B2C65731A30}.Debug|x86.Build.0 = Debug|x86
		{F1F10538-E8D2-45FA-A44A-8B2C65731A30}.Debug|x86.Deploy.0 = Debug|x86
		{F1F10538-E8D2-45FA-A44A-8B2C65731A30}.Release|Any CPU.ActiveCfg = Release|x86
		{F1F10538-E8D2-45FA-A44A-8B2C65731A30}.Release|ARM.ActiveCfg = Release|ARM
		{F1F10538-E8D2-45FA-A44A-8B2C65731A30}.Release|ARM.Build.0 = Release|ARM
		{F1F10538-E8D2-45FA-A44A-8B2C65731A30}.Release|ARM.Deploy.0 = Release|ARM
		{F1F10538-E8D2-45FA-A44A-8B2C65731A30}.Release|iPhone.ActiveCfg = Release|x86
		{F1F10538-E8D2-45FA-A44A-8B2C65731A30}.Release|iPhoneSimulator.ActiveCfg = Release|x86
		{F1F10538-E8D2-45FA-A44A-8B2C65731A30}.Release|x64.ActiveCfg = Release|x64
		{F1F10538-E8D2-45FA-A44A-8B2C65731A30}.Release|x64.Build.0 = Release|x64
		{F1F10538-E8D2-45FA-A44A-8B2C65731A30}.Release|x64.Deploy.0 = Release|x64
		{F1F10538-E8D2-45FA-A44A-8B2C65731A30}.Release|x86.ActiveCfg = Release|x86
		{F1F10538-E8D2-45FA-A44A-8B2C65731A30}.Release|x86.Build.0 = Release|x86
		{F1F10538-E8D2-45FA-A44A-8B2C65731A30}.Release|x86.Deploy.0 = Release|x86
		{54643C8A-B6A1-4192-9C78-968B797CBA9F}.Ad-Hoc|Any CPU.ActiveCfg = Debug|Any CPU
		{54643C8A-B6A1-4192-9C78-968B797CBA9F}.Ad-Hoc|Any CPU.Build.0 = Debug|Any CPU
		{54643C8A-B6A1-4192-9C78-968B797CBA9F}.Ad-Hoc|ARM.ActiveCfg = Debug|Any CPU
		{54643C8A-B6A1-4192-9C78-968B797CBA9F}.Ad-Hoc|ARM.Build.0 = Debug|Any CPU
		{54643C8A-B6A1-4192-9C78-968B797CBA9F}.Ad-Hoc|iPhone.ActiveCfg = Debug|Any CPU
		{54643C8A-B6A1-4192-9C78-968B797CBA9F}.Ad-Hoc|iPhone.Build.0 = Debug|Any CPU
		{54643C8A-B6A1-4192-9C78-968B797CBA9F}.Ad-Hoc|iPhoneSimulator.ActiveCfg = Debug|Any CPU
		{54643C8A-B6A1-4192-9C78-968B797CBA9F}.Ad-Hoc|iPhoneSimulator.Build.0 = Debug|Any CPU
		{54643C8A-B6A1-4192-9C78-968B797CBA9F}.Ad-Hoc|x64.ActiveCfg = Debug|Any CPU
		{54643C8A-B6A1-4192-9C78-968B797CBA9F}.Ad-Hoc|x64.Build.0 = Debug|Any CPU
		{54643C8A-B6A1-4192-9C78-968B797CBA9F}.Ad-Hoc|x86.ActiveCfg = Debug|Any CPU
		{54643C8A-B6A1-4192-9C78-968B797CBA9F}.Ad-Hoc|x86.Build.0 = Debug|Any CPU
		{54643C8A-B6A1-4192-9C78-968B797CBA9F}.AppStore|Any CPU.ActiveCfg = Debug|Any CPU
		{54643C8A-B6A1-4192-9C78-968B797CBA9F}.AppStore|Any CPU.Build.0 = Debug|Any CPU
		{54643C8A-B6A1-4192-9C78-968B797CBA9F}.AppStore|ARM.ActiveCfg = Debug|Any CPU
		{54643C8A-B6A1-4192-9C78-968B797CBA9F}.AppStore|ARM.Build.0 = Debug|Any CPU
		{54643C8A-B6A1-4192-9C78-968B797CBA9F}.AppStore|iPhone.ActiveCfg = Debug|Any CPU
		{54643C8A-B6A1-4192-9C78-968B797CBA9F}.AppStore|iPhone.Build.0 = Debug|Any CPU
		{54643C8A-B6A1-4192-9C78-968B797CBA9F}.AppStore|iPhoneSimulator.ActiveCfg = Debug|Any CPU
		{54643C8A-B6A1-4192-9C78-968B797CBA9F}.AppStore|iPhoneSimulator.Build.0 = Debug|Any CPU
		{54643C8A-B6A1-4192-9C78-968B797CBA9F}.AppStore|x64.ActiveCfg = Debug|Any CPU
		{54643C8A-B6A1-4192-9C78-968B797CBA9F}.AppStore|x64.Build.0 = Debug|Any CPU
		{54643C8A-B6A1-4192-9C78-968B797CBA9F}.AppStore|x86.ActiveCfg = Debug|Any CPU
		{54643C8A-B6A1-4192-9C78-968B797CBA9F}.AppStore|x86.Build.0 = Debug|Any CPU
		{54643C8A-B6A1-4192-9C78-968B797CBA9F}.Debug|Any CPU.ActiveCfg = Debug|Any CPU
		{54643C8A-B6A1-4192-9C78-968B797CBA9F}.Debug|Any CPU.Build.0 = Debug|Any CPU
		{54643C8A-B6A1-4192-9C78-968B797CBA9F}.Debug|ARM.ActiveCfg = Debug|Any CPU
		{54643C8A-B6A1-4192-9C78-968B797CBA9F}.Debug|ARM.Build.0 = Debug|Any CPU
		{54643C8A-B6A1-4192-9C78-968B797CBA9F}.Debug|iPhone.ActiveCfg = Debug|Any CPU
		{54643C8A-B6A1-4192-9C78-968B797CBA9F}.Debug|iPhone.Build.0 = Debug|Any CPU
		{54643C8A-B6A1-4192-9C78-968B797CBA9F}.Debug|iPhoneSimulator.ActiveCfg = Debug|Any CPU
		{54643C8A-B6A1-4192-9C78-968B797CBA9F}.Debug|iPhoneSimulator.Build.0 = Debug|Any CPU
		{54643C8A-B6A1-4192-9C78-968B797CBA9F}.Debug|x64.ActiveCfg = Debug|Any CPU
		{54643C8A-B6A1-4192-9C78-968B797CBA9F}.Debug|x64.Build.0 = Debug|Any CPU
		{54643C8A-B6A1-4192-9C78-968B797CBA9F}.Debug|x86.ActiveCfg = Debug|Any CPU
		{54643C8A-B6A1-4192-9C78-968B797CBA9F}.Debug|x86.Build.0 = Debug|Any CPU
		{54643C8A-B6A1-4192-9C78-968B797CBA9F}.Release|Any CPU.ActiveCfg = Release|Any CPU
		{54643C8A-B6A1-4192-9C78-968B797CBA9F}.Release|Any CPU.Build.0 = Release|Any CPU
		{54643C8A-B6A1-4192-9C78-968B797CBA9F}.Release|ARM.ActiveCfg = Release|Any CPU
		{54643C8A-B6A1-4192-9C78-968B797CBA9F}.Release|ARM.Build.0 = Release|Any CPU
		{54643C8A-B6A1-4192-9C78-968B797CBA9F}.Release|iPhone.ActiveCfg = Release|Any CPU
		{54643C8A-B6A1-4192-9C78-968B797CBA9F}.Release|iPhone.Build.0 = Release|Any CPU
		{54643C8A-B6A1-4192-9C78-968B797CBA9F}.Release|iPhoneSimulator.ActiveCfg = Release|Any CPU
		{54643C8A-B6A1-4192-9C78-968B797CBA9F}.Release|iPhoneSimulator.Build.0 = Release|Any CPU
		{54643C8A-B6A1-4192-9C78-968B797CBA9F}.Release|x64.ActiveCfg = Release|Any CPU
		{54643C8A-B6A1-4192-9C78-968B797CBA9F}.Release|x64.Build.0 = Release|Any CPU
		{54643C8A-B6A1-4192-9C78-968B797CBA9F}.Release|x86.ActiveCfg = Release|Any CPU
		{54643C8A-B6A1-4192-9C78-968B797CBA9F}.Release|x86.Build.0 = Release|Any CPU
	EndGlobalSection
	GlobalSection(SolutionProperties) = preSolution
		HideSolutionNode = FALSE
	EndGlobalSection
	GlobalSection(ExtensibilityGlobals) = postSolution
		SolutionGuid = {99047BD2-10E0-4DE2-B9D0-B0A6B957BBE8}
	EndGlobalSection
EndGlobal
